
Microsoft Visual Studio Solution File, Format Version 12.00
# Visual Studio 15
VisualStudioVersion = 15.0.28307.421
MinimumVisualStudioVersion = 10.0.40219.1
Project("{9A19103F-16F7-4668-BE54-9A1E7A4F7556}") = "RomanNumerals", "RomanNumerals\RomanNumerals.csproj", "{D8E0C20A-790E-4AC7-85A2-B2E3E4E09491}"
EndProject
Project("{9A19103F-16F7-4668-BE54-9A1E7A4F7556}") = "RomanNumerals.Test", "RomanNumeralsTest\RomanNumerals.Test.csproj", "{BB73C45A-0B60-4B02-A192-BFEEE6C3DCAA}"
EndProject
Global
	GlobalSection(SolutionConfigurationPlatforms) = preSolution
		Debug|Any CPU = Debug|Any CPU
		Release|Any CPU = Release|Any CPU
	EndGlobalSection
	GlobalSection(ProjectConfigurationPlatforms) = postSolution
		{D8E0C20A-790E-4AC7-85A2-B2E3E4E09491}.Debug|Any CPU.ActiveCfg = Debug|Any CPU
		{D8E0C20A-790E-4AC7-85A2-B2E3E4E09491}.Debug|Any CPU.Build.0 = Debug|Any CPU
		{D8E0C20A-790E-4AC7-85A2-B2E3E4E09491}.Release|Any CPU.ActiveCfg = Release|Any CPU
		{D8E0C20A-790E-4AC7-85A2-B2E3E4E09491}.Release|Any CPU.Build.0 = Release|Any CPU
		{BB73C45A-0B60-4B02-A192-BFEEE6C3DCAA}.Debug|Any CPU.ActiveCfg = Debug|Any CPU
		{BB73C45A-0B60-4B02-A192-BFEEE6C3DCAA}.Debug|Any CPU.Build.0 = Debug|Any CPU
		{BB73C45A-0B60-4B02-A192-BFEEE6C3DCAA}.Release|Any CPU.ActiveCfg = Release|Any CPU
		{BB73C45A-0B60-4B02-A192-BFEEE6C3DCAA}.Release|Any CPU.Build.0 = Release|Any CPU
	EndGlobalSection
	GlobalSection(SolutionProperties) = preSolution
		HideSolutionNode = FALSE
	EndGlobalSection
	GlobalSection(ExtensibilityGlobals) = postSolution
		SolutionGuid = {AA7A0955-D0F2-4512-9686-156D8F765A02}
	EndGlobalSection
EndGlobal
